
Microsoft Visual Studio Solution File, Format Version 12.00
# Visual Studio Version 17
VisualStudioVersion = 17.5.2.0
MinimumVisualStudioVersion = 10.0.40219.1
Project("{2150E333-8FDC-42A3-9474-1A3956D46DE8}") = "services", "services", "{5854FF58-B8C5-05C6-5BF2-ACE42193F22B}"
EndProject
Project("{2150E333-8FDC-42A3-9474-1A3956D46DE8}") = "shared", "shared", "{4F52FD11-658E-A102-6CD3-7D7C16FFA15B}"
EndProject
Project("{FAE04EC0-301F-11D3-BF4B-00C04F79EFBC}") = "AiService", "services\AiService\AiService.csproj", "{8B43F605-90CA-38DA-D1D8-B9CDF6A59052}"
EndProject
Project("{FAE04EC0-301F-11D3-BF4B-00C04F79EFBC}") = "ApiGateway", "services\ApiGateway\ApiGateway.csproj", "{13FBD8FB-30F1-8540-298F-D39E593FDA1C}"
EndProject
Project("{FAE04EC0-301F-11D3-BF4B-00C04F79EFBC}") = "AuthService", "services\AuthService\AuthService.csproj", "{16FD9863-A745-7DF3-D0FD-B69A0BD39998}"
EndProject
Project("{FAE04EC0-301F-11D3-BF4B-00C04F79EFBC}") = "CartService", "services\CartService\CartService.csproj", "{011DB589-AC46-8866-0045-7655CC17F7E9}"
EndProject
Project("{FAE04EC0-301F-11D3-BF4B-00C04F79EFBC}") = "CouponService", "services\CouponService\CouponService.csproj", "{23414392-F698-E0DE-69A8-DF92CEE629F8}"
EndProject
Project("{FAE04EC0-301F-11D3-BF4B-00C04F79EFBC}") = "DeliveryService", "services\DeliveryService\DeliveryService.csproj", "{ECB22FD2-800B-6909-3B83-AB9FEA3AC386}"
EndProject
Project("{FAE04EC0-301F-11D3-BF4B-00C04F79EFBC}") = "NotificationService", "services\NotificationService\NotificationService.csproj", "{C547D7DE-4527-2496-4F20-D46E669069D9}"
EndProject
Project("{FAE04EC0-301F-11D3-BF4B-00C04F79EFBC}") = "OrderService", "services\OrderService\OrderService.csproj", "{8A16590F-E066-4AF4-1B7F-8230DA1EEB4D}"
EndProject
Project("{FAE04EC0-301F-11D3-BF4B-00C04F79EFBC}") = "PaymentService", "services\PaymentService\PaymentService.csproj", "{F1FD0C91-9F77-CCB3-5518-F2CD51FD4BB8}"
EndProject
Project("{FAE04EC0-301F-11D3-BF4B-00C04F79EFBC}") = "ProductService", "services\ProductService\ProductService.csproj", "{04565F01-F0DF-39FE-9876-502A5A6372DA}"
EndProject
Project("{FAE04EC0-301F-11D3-BF4B-00C04F79EFBC}") = "ReviewService", "services\ReviewService\ReviewService.csproj", "{6E306AF9-C444-2731-19E9-0824E3610E8A}"
EndProject
Project("{FAE04EC0-301F-11D3-BF4B-00C04F79EFBC}") = "SupportService", "services\SupportService\SupportService.csproj", "{15B9DBCC-DD04-7C08-CEA3-818879A99BF5}"
EndProject
Project("{FAE04EC0-301F-11D3-BF4B-00C04F79EFBC}") = "UserService", "services\UserService\UserService.csproj", "{E777043B-5FD4-D045-9BB6-D22CDFDC022F}"
EndProject
Project("{FAE04EC0-301F-11D3-BF4B-00C04F79EFBC}") = "SharedKernel", "shared\SharedKernel\SharedKernel.csproj", "{75F7FF39-415A-051E-9D8A-84A65B2A3F92}"
EndProject
Project("{2150E333-8FDC-42A3-9474-1A3956D46DE8}") = "tests", "tests", "{0AB3BF05-4346-4AA6-1389-037BE0695223}"
EndProject
Project("{FAE04EC0-301F-11D3-BF4B-00C04F79EFBC}") = "AuthService.Tests", "tests\AuthService.Tests\AuthService.Tests.csproj", "{DA1BC3D0-E802-419C-9D87-E2D282BB98C9}"
EndProject
Global
	GlobalSection(SolutionConfigurationPlatforms) = preSolution
		Debug|Any CPU = Debug|Any CPU
		Debug|x64 = Debug|x64
		Debug|x86 = Debug|x86
		Release|Any CPU = Release|Any CPU
		Release|x64 = Release|x64
		Release|x86 = Release|x86
	EndGlobalSection
	GlobalSection(ProjectConfigurationPlatforms) = postSolution
		{8B43F605-90CA-38DA-D1D8-B9CDF6A59052}.Debug|Any CPU.ActiveCfg = Debug|Any CPU
		{8B43F605-90CA-38DA-D1D8-B9CDF6A59052}.Debug|Any CPU.Build.0 = Debug|Any CPU
		{8B43F605-90CA-38DA-D1D8-B9CDF6A59052}.Debug|x64.ActiveCfg = Debug|Any CPU
		{8B43F605-90CA-38DA-D1D8-B9CDF6A59052}.Debug|x64.Build.0 = Debug|Any CPU
		{8B43F605-90CA-38DA-D1D8-B9CDF6A59052}.Debug|x86.ActiveCfg = Debug|Any CPU
		{8B43F605-90CA-38DA-D1D8-B9CDF6A59052}.Debug|x86.Build.0 = Debug|Any CPU
		{8B43F605-90CA-38DA-D1D8-B9CDF6A59052}.Release|Any CPU.ActiveCfg = Release|Any CPU
		{8B43F605-90CA-38DA-D1D8-B9CDF6A59052}.Release|Any CPU.Build.0 = Release|Any CPU
		{8B43F605-90CA-38DA-D1D8-B9CDF6A59052}.Release|x64.ActiveCfg = Release|Any CPU
		{8B43F605-90CA-38DA-D1D8-B9CDF6A59052}.Release|x64.Build.0 = Release|Any CPU
		{8B43F605-90CA-38DA-D1D8-B9CDF6A59052}.Release|x86.ActiveCfg = Release|Any CPU
		{8B43F605-90CA-38DA-D1D8-B9CDF6A59052}.Release|x86.Build.0 = Release|Any CPU
		{13FBD8FB-30F1-8540-298F-D39E593FDA1C}.Debug|Any CPU.ActiveCfg = Debug|Any CPU
		{13FBD8FB-30F1-8540-298F-D39E593FDA1C}.Debug|Any CPU.Build.0 = Debug|Any CPU
		{13FBD8FB-30F1-8540-298F-D39E593FDA1C}.Debug|x64.ActiveCfg = Debug|Any CPU
		{13FBD8FB-30F1-8540-298F-D39E593FDA1C}.Debug|x64.Build.0 = Debug|Any CPU
		{13FBD8FB-30F1-8540-298F-D39E593FDA1C}.Debug|x86.ActiveCfg = Debug|Any CPU
		{13FBD8FB-30F1-8540-298F-D39E593FDA1C}.Debug|x86.Build.0 = Debug|Any CPU
		{13FBD8FB-30F1-8540-298F-D39E593FDA1C}.Release|Any CPU.ActiveCfg = Release|Any CPU
		{13FBD8FB-30F1-8540-298F-D39E593FDA1C}.Release|Any CPU.Build.0 = Release|Any CPU
		{13FBD8FB-30F1-8540-298F-D39E593FDA1C}.Release|x64.ActiveCfg = Release|Any CPU
		{13FBD8FB-30F1-8540-298F-D39E593FDA1C}.Release|x64.Build.0 = Release|Any CPU
		{13FBD8FB-30F1-8540-298F-D39E593FDA1C}.Release|x86.ActiveCfg = Release|Any CPU
		{13FBD8FB-30F1-8540-298F-D39E593FDA1C}.Release|x86.Build.0 = Release|Any CPU
		{16FD9863-A745-7DF3-D0FD-B69A0BD39998}.Debug|Any CPU.ActiveCfg = Debug|Any CPU
		{16FD9863-A745-7DF3-D0FD-B69A0BD39998}.Debug|Any CPU.Build.0 = Debug|Any CPU
		{16FD9863-A745-7DF3-D0FD-B69A0BD39998}.Debug|x64.ActiveCfg = Debug|Any CPU
		{16FD9863-A745-7DF3-D0FD-B69A0BD39998}.Debug|x64.Build.0 = Debug|Any CPU
		{16FD9863-A745-7DF3-D0FD-B69A0BD39998}.Debug|x86.ActiveCfg = Debug|Any CPU
		{16FD9863-A745-7DF3-D0FD-B69A0BD39998}.Debug|x86.Build.0 = Debug|Any CPU
		{16FD9863-A745-7DF3-D0FD-B69A0BD39998}.Release|Any CPU.ActiveCfg = Release|Any CPU
		{16FD9863-A745-7DF3-D0FD-B69A0BD39998}.Release|Any CPU.Build.0 = Release|Any CPU
		{16FD9863-A745-7DF3-D0FD-B69A0BD39998}.Release|x64.ActiveCfg = Release|Any CPU
		{16FD9863-A745-7DF3-D0FD-B69A0BD39998}.Release|x64.Build.0 = Release|Any CPU
		{16FD9863-A745-7DF3-D0FD-B69A0BD39998}.Release|x86.ActiveCfg = Release|Any CPU
		{16FD9863-A745-7DF3-D0FD-B69A0BD39998}.Release|x86.Build.0 = Release|Any CPU
		{011DB589-AC46-8866-0045-7655CC17F7E9}.Debug|Any CPU.ActiveCfg = Debug|Any CPU
		{011DB589-AC46-8866-0045-7655CC17F7E9}.Debug|Any CPU.Build.0 = Debug|Any CPU
		{011DB589-AC46-8866-0045-7655CC17F7E9}.Debug|x64.ActiveCfg = Debug|Any CPU
		{011DB589-AC46-8866-0045-7655CC17F7E9}.Debug|x64.Build.0 = Debug|Any CPU
		{011DB589-AC46-8866-0045-7655CC17F7E9}.Debug|x86.ActiveCfg = Debug|Any CPU
		{011DB589-AC46-8866-0045-7655CC17F7E9}.Debug|x86.Build.0 = Debug|Any CPU
		{011DB589-AC46-8866-0045-7655CC17F7E9}.Release|Any CPU.ActiveCfg = Release|Any CPU
		{011DB589-AC46-8866-0045-7655CC17F7E9}.Release|Any CPU.Build.0 = Release|Any CPU
		{011DB589-AC46-8866-0045-7655CC17F7E9}.Release|x64.ActiveCfg = Release|Any CPU
		{011DB589-AC46-8866-0045-7655CC17F7E9}.Release|x64.Build.0 = Release|Any CPU
		{011DB589-AC46-8866-0045-7655CC17F7E9}.Release|x86.ActiveCfg = Release|Any CPU
		{011DB589-AC46-8866-0045-7655CC17F7E9}.Release|x86.Build.0 = Release|Any CPU
		{23414392-F698-E0DE-69A8-DF92CEE629F8}.Debug|Any CPU.ActiveCfg = Debug|Any CPU
		{23414392-F698-E0DE-69A8-DF92CEE629F8}.Debug|Any CPU.Build.0 = Debug|Any CPU
		{23414392-F698-E0DE-69A8-DF92CEE629F8}.Debug|x64.ActiveCfg = Debug|Any CPU
		{23414392-F698-E0DE-69A8-DF92CEE629F8}.Debug|x64.Build.0 = Debug|Any CPU
		{23414392-F698-E0DE-69A8-DF92CEE629F8}.Debug|x86.ActiveCfg = Debug|Any CPU
		{23414392-F698-E0DE-69A8-DF92CEE629F8}.Debug|x86.Build.0 = Debug|Any CPU
		{23414392-F698-E0DE-69A8-DF92CEE629F8}.Release|Any CPU.ActiveCfg = Release|Any CPU
		{23414392-F698-E0DE-69A8-DF92CEE629F8}.Release|Any CPU.Build.0 = Release|Any CPU
		{23414392-F698-E0DE-69A8-DF92CEE629F8}.Release|x64.ActiveCfg = Release|Any CPU
		{23414392-F698-E0DE-69A8-DF92CEE629F8}.Release|x64.Build.0 = Release|Any CPU
		{23414392-F698-E0DE-69A8-DF92CEE629F8}.Release|x86.ActiveCfg = Release|Any CPU
		{23414392-F698-E0DE-69A8-DF92CEE629F8}.Release|x86.Build.0 = Release|Any CPU
		{ECB22FD2-800B-6909-3B83-AB9FEA3AC386}.Debug|Any CPU.ActiveCfg = Debug|Any CPU
		{ECB22FD2-800B-6909-3B83-AB9FEA3AC386}.Debug|Any CPU.Build.0 = Debug|Any CPU
		{ECB22FD2-800B-6909-3B83-AB9FEA3AC386}.Debug|x64.ActiveCfg = Debug|Any CPU
		{ECB22FD2-800B-6909-3B83-AB9FEA3AC386}.Debug|x64.Build.0 = Debug|Any CPU
		{ECB22FD2-800B-6909-3B83-AB9FEA3AC386}.Debug|x86.ActiveCfg = Debug|Any CPU
		{ECB22FD2-800B-6909-3B83-AB9FEA3AC386}.Debug|x86.Build.0 = Debug|Any CPU
		{ECB22FD2-800B-6909-3B83-AB9FEA3AC386}.Release|Any CPU.ActiveCfg = Release|Any CPU
		{ECB22FD2-800B-6909-3B83-AB9FEA3AC386}.Release|Any CPU.Build.0 = Release|Any CPU
		{ECB22FD2-800B-6909-3B83-AB9FEA3AC386}.Release|x64.ActiveCfg = Release|Any CPU
		{ECB22FD2-800B-6909-3B83-AB9FEA3AC386}.Release|x64.Build.0 = Release|Any CPU
		{ECB22FD2-800B-6909-3B83-AB9FEA3AC386}.Release|x86.ActiveCfg = Release|Any CPU
		{ECB22FD2-800B-6909-3B83-AB9FEA3AC386}.Release|x86.Build.0 = Release|Any CPU
		{C547D7DE-4527-2496-4F20-D46E669069D9}.Debug|Any CPU.ActiveCfg = Debug|Any CPU
		{C547D7DE-4527-2496-4F20-D46E669069D9}.Debug|Any CPU.Build.0 = Debug|Any CPU
		{C547D7DE-4527-2496-4F20-D46E669069D9}.Debug|x64.ActiveCfg = Debug|Any CPU
		{C547D7DE-4527-2496-4F20-D46E669069D9}.Debug|x64.Build.0 = Debug|Any CPU
		{C547D7DE-4527-2496-4F20-D46E669069D9}.Debug|x86.ActiveCfg = Debug|Any CPU
		{C547D7DE-4527-2496-4F20-D46E669069D9}.Debug|x86.Build.0 = Debug|Any CPU
		{C547D7DE-4527-2496-4F20-D46E669069D9}.Release|Any CPU.ActiveCfg = Release|Any CPU
		{C547D7DE-4527-2496-4F20-D46E669069D9}.Release|Any CPU.Build.0 = Release|Any CPU
		{C547D7DE-4527-2496-4F20-D46E669069D9}.Release|x64.ActiveCfg = Release|Any CPU
		{C547D7DE-4527-2496-4F20-D46E669069D9}.Release|x64.Build.0 = Release|Any CPU
		{C547D7DE-4527-2496-4F20-D46E669069D9}.Release|x86.ActiveCfg = Release|Any CPU
		{C547D7DE-4527-2496-4F20-D46E669069D9}.Release|x86.Build.0 = Release|Any CPU
		{8A16590F-E066-4AF4-1B7F-8230DA1EEB4D}.Debug|Any CPU.ActiveCfg = Debug|Any CPU
		{8A16590F-E066-4AF4-1B7F-8230DA1EEB4D}.Debug|Any CPU.Build.0 = Debug|Any CPU
		{8A16590F-E066-4AF4-1B7F-8230DA1EEB4D}.Debug|x64.ActiveCfg = Debug|Any CPU
		{8A16590F-E066-4AF4-1B7F-8230DA1EEB4D}.Debug|x64.Build.0 = Debug|Any CPU
		{8A16590F-E066-4AF4-1B7F-8230DA1EEB4D}.Debug|x86.ActiveCfg = Debug|Any CPU
		{8A16590F-E066-4AF4-1B7F-8230DA1EEB4D}.Debug|x86.Build.0 = Debug|Any CPU
		{8A16590F-E066-4AF4-1B7F-8230DA1EEB4D}.Release|Any CPU.ActiveCfg = Release|Any CPU
		{8A16590F-E066-4AF4-1B7F-8230DA1EEB4D}.Release|Any CPU.Build.0 = Release|Any CPU
		{8A16590F-E066-4AF4-1B7F-8230DA1EEB4D}.Release|x64.ActiveCfg = Release|Any CPU
		{8A16590F-E066-4AF4-1B7F-8230DA1EEB4D}.Release|x64.Build.0 = Release|Any CPU
		{8A16590F-E066-4AF4-1B7F-8230DA1EEB4D}.Release|x86.ActiveCfg = Release|Any CPU
		{8A16590F-E066-4AF4-1B7F-8230DA1EEB4D}.Release|x86.Build.0 = Release|Any CPU
		{F1FD0C91-9F77-CCB3-5518-F2CD51FD4BB8}.Debug|Any CPU.ActiveCfg = Debug|Any CPU
		{F1FD0C91-9F77-CCB3-5518-F2CD51FD4BB8}.Debug|Any CPU.Build.0 = Debug|Any CPU
		{F1FD0C91-9F77-CCB3-5518-F2CD51FD4BB8}.Debug|x64.ActiveCfg = Debug|Any CPU
		{F1FD0C91-9F77-CCB3-5518-F2CD51FD4BB8}.Debug|x64.Build.0 = Debug|Any CPU
		{F1FD0C91-9F77-CCB3-5518-F2CD51FD4BB8}.Debug|x86.ActiveCfg = Debug|Any CPU
		{F1FD0C91-9F77-CCB3-5518-F2CD51FD4BB8}.Debug|x86.Build.0 = Debug|Any CPU
		{F1FD0C91-9F77-CCB3-5518-F2CD51FD4BB8}.Release|Any CPU.ActiveCfg = Release|Any CPU
		{F1FD0C91-9F77-CCB3-5518-F2CD51FD4BB8}.Release|Any CPU.Build.0 = Release|Any CPU
		{F1FD0C91-9F77-CCB3-5518-F2CD51FD4BB8}.Release|x64.ActiveCfg = Release|Any CPU
		{F1FD0C91-9F77-CCB3-5518-F2CD51FD4BB8}.Release|x64.Build.0 = Release|Any CPU
		{F1FD0C91-9F77-CCB3-5518-F2CD51FD4BB8}.Release|x86.ActiveCfg = Release|Any CPU
		{F1FD0C91-9F77-CCB3-5518-F2CD51FD4BB8}.Release|x86.Build.0 = Release|Any CPU
		{04565F01-F0DF-39FE-9876-502A5A6372DA}.Debug|Any CPU.ActiveCfg = Debug|Any CPU
		{04565F01-F0DF-39FE-9876-502A5A6372DA}.Debug|Any CPU.Build.0 = Debug|Any CPU
		{04565F01-F0DF-39FE-9876-502A5A6372DA}.Debug|x64.ActiveCfg = Debug|Any CPU
		{04565F01-F0DF-39FE-9876-502A5A6372DA}.Debug|x64.Build.0 = Debug|Any CPU
		{04565F01-F0DF-39FE-9876-502A5A6372DA}.Debug|x86.ActiveCfg = Debug|Any CPU
		{04565F01-F0DF-39FE-9876-502A5A6372DA}.Debug|x86.Build.0 = Debug|Any CPU
		{04565F01-F0DF-39FE-9876-502A5A6372DA}.Release|Any CPU.ActiveCfg = Release|Any CPU
		{04565F01-F0DF-39FE-9876-502A5A6372DA}.Release|Any CPU.Build.0 = Release|Any CPU
		{04565F01-F0DF-39FE-9876-502A5A6372DA}.Release|x64.ActiveCfg = Release|Any CPU
		{04565F01-F0DF-39FE-9876-502A5A6372DA}.Release|x64.Build.0 = Release|Any CPU
		{04565F01-F0DF-39FE-9876-502A5A6372DA}.Release|x86.ActiveCfg = Release|Any CPU
		{04565F01-F0DF-39FE-9876-502A5A6372DA}.Release|x86.Build.0 = Release|Any CPU
		{6E306AF9-C444-2731-19E9-0824E3610E8A}.Debug|Any CPU.ActiveCfg = Debug|Any CPU
		{6E306AF9-C444-2731-19E9-0824E3610E8A}.Debug|Any CPU.Build.0 = Debug|Any CPU
		{6E306AF9-C444-2731-19E9-0824E3610E8A}.Debug|x64.ActiveCfg = Debug|Any CPU
		{6E306AF9-C444-2731-19E9-0824E3610E8A}.Debug|x64.Build.0 = Debug|Any CPU
		{6E306AF9-C444-2731-19E9-0824E3610E8A}.Debug|x86.ActiveCfg = Debug|Any CPU
		{6E306AF9-C444-2731-19E9-0824E3610E8A}.Debug|x86.Build.0 = Debug|Any CPU
		{6E306AF9-C444-2731-19E9-0824E3610E8A}.Release|Any CPU.ActiveCfg = Release|Any CPU
		{6E306AF9-C444-2731-19E9-0824E3610E8A}.Release|Any CPU.Build.0 = Release|Any CPU
		{6E306AF9-C444-2731-19E9-0824E3610E8A}.Release|x64.ActiveCfg = Release|Any CPU
		{6E306AF9-C444-2731-19E9-0824E3610E8A}.Release|x64.Build.0 = Release|Any CPU
		{6E306AF9-C444-2731-19E9-0824E3610E8A}.Release|x86.ActiveCfg = Release|Any CPU
		{6E306AF9-C444-2731-19E9-0824E3610E8A}.Release|x86.Build.0 = Release|Any CPU
		{15B9DBCC-DD04-7C08-CEA3-818879A99BF5}.Debug|Any CPU.ActiveCfg = Debug|Any CPU
		{15B9DBCC-DD04-7C08-CEA3-818879A99BF5}.Debug|Any CPU.Build.0 = Debug|Any CPU
		{15B9DBCC-DD04-7C08-CEA3-818879A99BF5}.Debug|x64.ActiveCfg = Debug|Any CPU
		{15B9DBCC-DD04-7C08-CEA3-818879A99BF5}.Debug|x64.Build.0 = Debug|Any CPU
		{15B9DBCC-DD04-7C08-CEA3-818879A99BF5}.Debug|x86.ActiveCfg = Debug|Any CPU
		{15B9DBCC-DD04-7C08-CEA3-818879A99BF5}.Debug|x86.Build.0 = Debug|Any CPU
		{15B9DBCC-DD04-7C08-CEA3-818879A99BF5}.Release|Any CPU.ActiveCfg = Release|Any CPU
		{15B9DBCC-DD04-7C08-CEA3-818879A99BF5}.Release|Any CPU.Build.0 = Release|Any CPU
		{15B9DBCC-DD04-7C08-CEA3-818879A99BF5}.Release|x64.ActiveCfg = Release|Any CPU
		{15B9DBCC-DD04-7C08-CEA3-818879A99BF5}.Release|x64.Build.0 = Release|Any CPU
		{15B9DBCC-DD04-7C08-CEA3-818879A99BF5}.Release|x86.ActiveCfg = Release|Any CPU
		{15B9DBCC-DD04-7C08-CEA3-818879A99BF5}.Release|x86.Build.0 = Release|Any CPU
		{E777043B-5FD4-D045-9BB6-D22CDFDC022F}.Debug|Any CPU.ActiveCfg = Debug|Any CPU
		{E777043B-5FD4-D045-9BB6-D22CDFDC022F}.Debug|Any CPU.Build.0 = Debug|Any CPU
		{E777043B-5FD4-D045-9BB6-D22CDFDC022F}.Debug|x64.ActiveCfg = Debug|Any CPU
		{E777043B-5FD4-D045-9BB6-D22CDFDC022F}.Debug|x64.Build.0 = Debug|Any CPU
		{E777043B-5FD4-D045-9BB6-D22CDFDC022F}.Debug|x86.ActiveCfg = Debug|Any CPU
		{E777043B-5FD4-D045-9BB6-D22CDFDC022F}.Debug|x86.Build.0 = Debug|Any CPU
		{E777043B-5FD4-D045-9BB6-D22CDFDC022F}.Release|Any CPU.ActiveCfg = Release|Any CPU
		{E777043B-5FD4-D045-9BB6-D22CDFDC022F}.Release|Any CPU.Build.0 = Release|Any CPU
		{E777043B-5FD4-D045-9BB6-D22CDFDC022F}.Release|x64.ActiveCfg = Release|Any CPU
		{E777043B-5FD4-D045-9BB6-D22CDFDC022F}.Release|x64.Build.0 = Release|Any CPU
		{E777043B-5FD4-D045-9BB6-D22CDFDC022F}.Release|x86.ActiveCfg = Release|Any CPU
		{E777043B-5FD4-D045-9BB6-D22CDFDC022F}.Release|x86.Build.0 = Release|Any CPU
		{75F7FF39-415A-051E-9D8A-84A65B2A3F92}.Debug|Any CPU.ActiveCfg = Debug|Any CPU
		{75F7FF39-415A-051E-9D8A-84A65B2A3F92}.Debug|Any CPU.Build.0 = Debug|Any CPU
		{75F7FF39-415A-051E-9D8A-84A65B2A3F92}.Debug|x64.ActiveCfg = Debug|Any CPU
		{75F7FF39-415A-051E-9D8A-84A65B2A3F92}.Debug|x64.Build.0 = Debug|Any CPU
		{75F7FF39-415A-051E-9D8A-84A65B2A3F92}.Debug|x86.ActiveCfg = Debug|Any CPU
		{75F7FF39-415A-051E-9D8A-84A65B2A3F92}.Debug|x86.Build.0 = Debug|Any CPU
		{75F7FF39-415A-051E-9D8A-84A65B2A3F92}.Release|Any CPU.ActiveCfg = Release|Any CPU
		{75F7FF39-415A-051E-9D8A-84A65B2A3F92}.Release|Any CPU.Build.0 = Release|Any CPU
		{75F7FF39-415A-051E-9D8A-84A65B2A3F92}.Release|x64.ActiveCfg = Release|Any CPU
		{75F7FF39-415A-051E-9D8A-84A65B2A3F92}.Release|x64.Build.0 = Release|Any CPU
		{75F7FF39-415A-051E-9D8A-84A65B2A3F92}.Release|x86.ActiveCfg = Release|Any CPU
		{75F7FF39-415A-051E-9D8A-84A65B2A3F92}.Release|x86.Build.0 = Release|Any CPU
		{DA1BC3D0-E802-419C-9D87-E2D282BB98C9}.Debug|Any CPU.ActiveCfg = Debug|Any CPU
		{DA1BC3D0-E802-419C-9D87-E2D282BB98C9}.Debug|Any CPU.Build.0 = Debug|Any CPU
		{DA1BC3D0-E802-419C-9D87-E2D282BB98C9}.Debug|x64.ActiveCfg = Debug|Any CPU
		{DA1BC3D0-E802-419C-9D87-E2D282BB98C9}.Debug|x64.Build.0 = Debug|Any CPU
		{DA1BC3D0-E802-419C-9D87-E2D282BB98C9}.Debug|x86.ActiveCfg = Debug|Any CPU
		{DA1BC3D0-E802-419C-9D87-E2D282BB98C9}.Debug|x86.Build.0 = Debug|Any CPU
		{DA1BC3D0-E802-419C-9D87-E2D282BB98C9}.Release|Any CPU.ActiveCfg = Release|Any CPU
		{DA1BC3D0-E802-419C-9D87-E2D282BB98C9}.Release|Any CPU.Build.0 = Release|Any CPU
		{DA1BC3D0-E802-419C-9D87-E2D282BB98C9}.Release|x64.ActiveCfg = Release|Any CPU
		{DA1BC3D0-E802-419C-9D87-E2D282BB98C9}.Release|x64.Build.0 = Release|Any CPU
		{DA1BC3D0-E802-419C-9D87-E2D282BB98C9}.Release|x86.ActiveCfg = Release|Any CPU
		{DA1BC3D0-E802-419C-9D87-E2D282BB98C9}.Release|x86.Build.0 = Release|Any CPU
	EndGlobalSection
	GlobalSection(SolutionProperties) = preSolution
		HideSolutionNode = FALSE
	EndGlobalSection
	GlobalSection(NestedProjects) = preSolution
		{8B43F605-90CA-38DA-D1D8-B9CDF6A59052} = {5854FF58-B8C5-05C6-5BF2-ACE42193F22B}
		{13FBD8FB-30F1-8540-298F-D39E593FDA1C} = {5854FF58-B8C5-05C6-5BF2-ACE42193F22B}
		{16FD9863-A745-7DF3-D0FD-B69A0BD39998} = {5854FF58-B8C5-05C6-5BF2-ACE42193F22B}
		{011DB589-AC46-8866-0045-7655CC17F7E9} = {5854FF58-B8C5-05C6-5BF2-ACE42193F22B}
		{23414392-F698-E0DE-69A8-DF92CEE629F8} = {5854FF58-B8C5-05C6-5BF2-ACE42193F22B}
		{ECB22FD2-800B-6909-3B83-AB9FEA3AC386} = {5854FF58-B8C5-05C6-5BF2-ACE42193F22B}
		{C547D7DE-4527-2496-4F20-D46E669069D9} = {5854FF58-B8C5-05C6-5BF2-ACE42193F22B}
		{8A16590F-E066-4AF4-1B7F-8230DA1EEB4D} = {5854FF58-B8C5-05C6-5BF2-ACE42193F22B}
		{F1FD0C91-9F77-CCB3-5518-F2CD51FD4BB8} = {5854FF58-B8C5-05C6-5BF2-ACE42193F22B}
		{04565F01-F0DF-39FE-9876-502A5A6372DA} = {5854FF58-B8C5-05C6-5BF2-ACE42193F22B}
		{6E306AF9-C444-2731-19E9-0824E3610E8A} = {5854FF58-B8C5-05C6-5BF2-ACE42193F22B}
		{15B9DBCC-DD04-7C08-CEA3-818879A99BF5} = {5854FF58-B8C5-05C6-5BF2-ACE42193F22B}
		{E777043B-5FD4-D045-9BB6-D22CDFDC022F} = {5854FF58-B8C5-05C6-5BF2-ACE42193F22B}
		{75F7FF39-415A-051E-9D8A-84A65B2A3F92} = {4F52FD11-658E-A102-6CD3-7D7C16FFA15B}
		{DA1BC3D0-E802-419C-9D87-E2D282BB98C9} = {0AB3BF05-4346-4AA6-1389-037BE0695223}
	EndGlobalSection
	GlobalSection(ExtensibilityGlobals) = postSolution
		SolutionGuid = {05DD5D76-4219-4EE4-BA16-F4381FAA423D}
	EndGlobalSection
EndGlobal
